# THIS IS AN AUTOGENERATED FILE. DO NOT EDIT THIS FILE DIRECTLY.
# yarn lockfile v1


"@babel/runtime-corejs3@^7.9.6":
  version "7.13.10"
  resolved "https://registry.yarnpkg.com/@babel/runtime-corejs3/-/runtime-corejs3-7.13.10.tgz#14c3f4c85de22ba88e8e86685d13e8861a82fe86"
  integrity sha512-x/XYVQ1h684pp1mJwOV4CyvqZXqbc8CMsMGUnAbuc82ZCdv1U63w5RSUzgDSXQHG5Rps/kiksH6g2D5BuaKyXg==
  dependencies:
    core-js-pure "^3.0.0"
    regenerator-runtime "^0.13.4"

"@fortawesome/fontawesome-free@^5.10.2":
  version "5.10.2"
  resolved "https://registry.yarnpkg.com/@fortawesome/fontawesome-free/-/fontawesome-free-5.10.2.tgz#27e02da1e34b50c9869179d364fb46627b521130"
  integrity sha512-9pw+Nsnunl9unstGEHQ+u41wBEQue6XPBsILXtJF/4fNN1L3avJcMF/gGF86rIjeTAgfLjTY9ndm68/X4f4idQ==

"@types/raf@^3.4.0":
  version "3.4.0"
  resolved "https://registry.yarnpkg.com/@types/raf/-/raf-3.4.0.tgz#2b72cbd55405e071f1c4d29992638e022b20acc2"
  integrity sha512-taW5/WYqo36N7V39oYyHP9Ipfd5pNFvGTIQsNGj86xV88YQ7GnI30/yMfKDF7Zgin0m3e+ikX88FvImnK4RjGw==

animate.css@^3.7.2:
  version "3.7.2"
  resolved "https://registry.yarnpkg.com/animate.css/-/animate.css-3.7.2.tgz#e73e0d50e92cb1cfef1597d9b38a9481020e08ea"
  integrity sha512-0bE8zYo7C0KvgOYrSVfrzkbYk6IOTVPNqkiHg2cbyF4Pq/PXzilz4BRWA3hwEUBoMp5VBgrC29lQIZyhRWdBTw==

animsition@^4.0.2:
  version "4.0.2"
  resolved "https://registry.yarnpkg.com/animsition/-/animsition-4.0.2.tgz#d8c6e60b0a5635e3281b962402ca2a5b16b6714e"
  integrity sha1-2MbmCwpWNeMoG5YkAsoqWxa2cU4=

atob@^2.1.2:
  version "2.1.2"
  resolved "https://registry.yarnpkg.com/atob/-/atob-2.1.2.tgz#6d9517eb9e030d2436666651e86bd9f6f13533c9"
  integrity sha512-Wm6ukoaOGJi/73p/cl2GvLjTI5JM1k/O14isD73YML8StrH/7/lRFgmg8nICZgD3bZZvjwCGxtMOD3wWNAu8cg==

base64-arraybuffer@^0.2.0:
  version "0.2.0"
  resolved "https://registry.yarnpkg.com/base64-arraybuffer/-/base64-arraybuffer-0.2.0.tgz#4b944fac0191aa5907afe2d8c999ccc57ce80f45"
  integrity sha512-7emyCsu1/xiBXgQZrscw/8KPRT44I4Yq9Pe6EGs3aPRTsWuggML1/1DTuZUuIaJPIm1FTDUVXl4x/yW8s0kQDQ==

bootstrap-fileinput@^5.0.6:
  version "5.0.6"
  resolved "https://registry.yarnpkg.com/bootstrap-fileinput/-/bootstrap-fileinput-5.0.6.tgz#bfc35322808a0c4e3a100e455c907bd412ef0297"
  integrity sha512-IPqB6lIkM58X+AFEcCKXlbVVIxwJ110pAyAMX0Dcw4XkBYZVbrRt5Yssh5eFE+kFmi31kickAQhO+5TA7+FQjg==
  dependencies:
    bootstrap ">= 3.4.1"
    jquery ">= 1.9.0"
    opencollective-postinstall "^2.0.2"

bootstrap@4.3.1, "bootstrap@>= 3.4.1", bootstrap@^4.3.1:
  version "4.3.1"
  resolved "https://registry.yarnpkg.com/bootstrap/-/bootstrap-4.3.1.tgz#280ca8f610504d99d7b6b4bfc4b68cec601704ac"
  integrity sha512-rXqOmH1VilAt2DyPzluTi2blhk17bO7ef+zLLPlWvG494pDxcM234pJ8wTc/6R40UWizAIIMgxjvxZg5kmsbag==

btoa@^1.2.1:
  version "1.2.1"
  resolved "https://registry.yarnpkg.com/btoa/-/btoa-1.2.1.tgz#01a9909f8b2c93f6bf680ba26131eb30f7fa3d73"
  integrity sha512-SB4/MIGlsiVkMcHmT+pSmIPoNDoHg+7cMzmt3Uxt628MTz2487DKSqK/fuhFBrkuqrYv5UCEnACpF4dTFNKc/g==

canvg@^3.0.6:
  version "3.0.7"
  resolved "https://registry.yarnpkg.com/canvg/-/canvg-3.0.7.tgz#e45b87a64116af906917f7cad57d370ea372d682"
  integrity sha512-4sq6iL5Q4VOXS3PL1BapiXIZItpxYyANVzsAKpTPS5oq4u3SKbGfUcbZh2gdLCQ3jWpG/y5wRkMlBBAJhXeiZA==
  dependencies:
    "@babel/runtime-corejs3" "^7.9.6"
    "@types/raf" "^3.4.0"
    raf "^3.4.1"
    rgbcolor "^1.0.1"
    stackblur-canvas "^2.0.0"
    svg-pathdata "^5.0.5"

core-js-pure@^3.0.0:
  version "3.9.1"
  resolved "https://registry.yarnpkg.com/core-js-pure/-/core-js-pure-3.9.1.tgz#677b322267172bd490e4464696f790cbc355bec5"
  integrity sha512-laz3Zx0avrw9a4QEIdmIblnVuJz8W51leY9iLThatCsFawWxC3sE4guASC78JbCin+DkwMpCdp1AVAuzL/GN7A==

core-js@^3.6.0:
  version "3.9.1"
  resolved "https://registry.yarnpkg.com/core-js/-/core-js-3.9.1.tgz#cec8de593db8eb2a85ffb0dbdeb312cb6e5460ae"
  integrity sha512-gSjRvzkxQc1zjM/5paAmL4idJBFzuJoo+jDjF1tStYFMV2ERfD02HhahhCGXUyHxQRG4yFKVSdO6g62eoRMcDg==

countdowntime@^0.0.3:
  version "0.0.3"
  resolved "https://registry.yarnpkg.com/countdowntime/-/countdowntime-0.0.3.tgz#5c4d5b4a1d655b6b8911bd12ca7c7db0e61861d2"
  integrity sha512-xuM7uMf68IyrU32/v9iFu4c6DfXY84CSe8nr1GnfhIHEhaQyGQ7pcwT6OkygbYaTiYajs3gqVA4xV+3sZHKgzg==

css-line-break@1.1.1:
  version "1.1.1"
  resolved "https://registry.yarnpkg.com/css-line-break/-/css-line-break-1.1.1.tgz#d5e9bdd297840099eb0503c7310fd34927a026ef"
  integrity sha512-1feNVaM4Fyzdj4mKPIQNL2n70MmuYzAXZ1aytlROFX1JsOo070OsugwGjj7nl6jnDJWHDM8zRZswkmeYVWZJQA==
  dependencies:
    base64-arraybuffer "^0.2.0"

daterangepicker@^3.0.5:
  version "3.0.5"
  resolved "https://registry.yarnpkg.com/daterangepicker/-/daterangepicker-3.0.5.tgz#97180f233cf9c222cd0767b9c37c2926976d633a"
  integrity sha512-BoVV+OjVARWNE15iF+3Y2QIMioAD2UODHvJwIq+NtG0vxh61dXRmOMXlw2dsvxS8KY4n5uvIcBfIPiEiiGJcBg==
  dependencies:
    jquery ">=1.10"
    moment "^2.9.0"

dayjs@^1.8.17:
  version "1.8.17"
  resolved "https://registry.yarnpkg.com/dayjs/-/dayjs-1.8.17.tgz#53ec413f2a7b02afbea1846d61bb260fa8567cea"
  integrity sha512-47VY/htqYqr9GHd7HW/h56PpQzRBSJcxIQFwqL3P20bMF/3az5c3PWdVY3LmPXFl6cQCYHL7c79b9ov+2bOBbw==

dompurify@^2.2.0:
  version "2.2.7"
  resolved "https://registry.yarnpkg.com/dompurify/-/dompurify-2.2.7.tgz#a5f055a2a471638680e779bd08fc334962d11fd8"
  integrity sha512-jdtDffdGNY+C76jvodNTu9jt5yYj59vuTUyx+wXdzcSwAGTYZDAQkQ7Iwx9zcGrA4ixC1syU4H3RZROqRxokxg==

es6-object-assign@^1.1.0:
  version "1.1.0"
  resolved "https://registry.yarnpkg.com/es6-object-assign/-/es6-object-assign-1.1.0.tgz#c2c3582656247c39ea107cb1e6652b6f9f24523c"
  integrity sha1-wsNYJlYkfDnqEHyx5mUrb58kUjw=

fflate@^0.4.8:
  version "0.4.8"
  resolved "https://registry.yarnpkg.com/fflate/-/fflate-0.4.8.tgz#f90b82aefbd8ac174213abb338bd7ef848f0f5ae"
  integrity sha512-FJqqoDBR00Mdj9ppamLa/Y7vxm+PRmNWA67N846RvsoYVMKB4q3y/de5PA7gUmRMYK/8CMz2GDZQmCRN1wBcWA==

font-awesome@^4.7.0:
  version "4.7.0"
  resolved "https://registry.yarnpkg.com/font-awesome/-/font-awesome-4.7.0.tgz#8fa8cf0411a1a31afd07b06d2902bb9fc815a133"
  integrity sha1-j6jPBBGhoxr9B7BtKQK7n8gVoTM=

fonts-raleway@^0.0.4:
  version "0.0.4"
  resolved "https://registry.yarnpkg.com/fonts-raleway/-/fonts-raleway-0.0.4.tgz#d832720768487f8cc6d78495095c6cdb032b1428"
  integrity sha1-2DJyB2hIf4zG14SVCVxs2wMrFCg=

hamburgers@^1.1.3:
  version "1.1.3"
  resolved "https://registry.yarnpkg.com/hamburgers/-/hamburgers-1.1.3.tgz#eb583ede269d3a774aa5f613442b17ea13952b84"
  integrity sha512-qpfnJwZq6ATAGJEriwuyfVNgT++GG+o+3bBfPYF7F3WY452cYKbaYGUuqwhp+3kHLI6CL4VIBfj8bfbp90Lp1A==

html2canvas@^1.0.0-rc.5:
  version "1.0.0-rc.7"
  resolved "https://registry.yarnpkg.com/html2canvas/-/html2canvas-1.0.0-rc.7.tgz#70c159ce0e63954a91169531894d08ad5627ac98"
  integrity sha512-yvPNZGejB2KOyKleZspjK/NruXVQuowu8NnV2HYG7gW7ytzl+umffbtUI62v2dCHQLDdsK6HIDtyJZ0W3neerA==
  dependencies:
    css-line-break "1.1.1"

jquery.cookie@^1.4.1:
  version "1.4.1"
  resolved "https://registry.yarnpkg.com/jquery.cookie/-/jquery.cookie-1.4.1.tgz#d63dce209eab691fe63316db08ca9e47e0f9385b"
  integrity sha1-1j3OIJ6raR/mMxbbCMqeR+D5OFs=

jquery.easing@^1.4.1:
  version "1.4.1"
  resolved "https://registry.yarnpkg.com/jquery.easing/-/jquery.easing-1.4.1.tgz#47982c5836bd758fd48494923c4a101ef6e93e3b"
  integrity sha1-R5gsWDa9dY/UhJSSPEoQHvbpPjs=

jquery@3.4.1, "jquery@>= 1.9.0", jquery@>=1.10, jquery@^3.4.1:
  version "3.4.1"
  resolved "https://registry.yarnpkg.com/jquery/-/jquery-3.4.1.tgz#714f1f8d9dde4bdfa55764ba37ef214630d80ef2"
  integrity sha512-36+AdBzCL+y6qjw5Tx7HgzeGCzC81MDDgaUP8ld2zhx58HdqXGoBd+tHdrBMiyjGQs0Hxs/MLZTu/eHNJJuWPw==

jspdf-autotable@^3.2.11:
  version "3.2.11"
  resolved "https://registry.yarnpkg.com/jspdf-autotable/-/jspdf-autotable-3.2.11.tgz#a6951a26b494078d5d3ecf8efe00587b5b4c51cb"
  integrity sha512-w7eIoHWXXi3sT7oGf3fCfeTYc0Od1ww2vamirleS58OF7pPZE4soHA6jhMykDiVxwRIjgks8UgoXZnzJwurIQw==

jspdf@^2.3.1:
  version "2.3.1"
  resolved "https://registry.yarnpkg.com/jspdf/-/jspdf-2.3.1.tgz#313d117234b546469694a1fd81a1e02411647576"
  integrity sha512-1vp0USP1mQi1h7NKpwxjFgQkJ5ncZvtH858aLpycUc/M+r/RpWJT8PixAU7Cw/3fPd4fpC8eB/Bj42LnsR21YQ==
  dependencies:
    atob "^2.1.2"
    btoa "^1.2.1"
    fflate "^0.4.8"
  optionalDependencies:
    canvg "^3.0.6"
    core-js "^3.6.0"
    dompurify "^2.2.0"
    html2canvas "^1.0.0-rc.5"

moment@^2.9.0:
  version "2.24.0"
  resolved "https://registry.yarnpkg.com/moment/-/moment-2.24.0.tgz#0d055d53f5052aa653c9f6eb68bb5d12bf5c2b5b"
  integrity sha512-bV7f+6l2QigeBBZSM/6yTNq4P2fNpSWj/0e7jQcy87A8e7o2nAfP/34/2ky5Vw4B9S446EtIhodAzkFCcR4dQg==

opencollective-postinstall@^2.0.2:
  version "2.0.2"
  resolved "https://registry.yarnpkg.com/opencollective-postinstall/-/opencollective-postinstall-2.0.2.tgz#5657f1bede69b6e33a45939b061eb53d3c6c3a89"
  integrity sha512-pVOEP16TrAO2/fjej1IdOyupJY8KDUM1CvsaScRbw6oddvpQoOfGk4ywha0HKKVAD6RkW4x6Q+tNBwhf3Bgpuw==

perfect-scrollbar@^1.4.0:
  version "1.4.0"
  resolved "https://registry.yarnpkg.com/perfect-scrollbar/-/perfect-scrollbar-1.4.0.tgz#5d014ef9775e1f43058a1dbae9ed1daf0e7091f1"
  integrity sha512-/2Sk/khljhdrsamjJYS5NjrH+GKEHEwh7zFSiYyxROyYKagkE4kSn2zDQDRTOMo8mpT2jikxx6yI1dG7lNP/hw==

performance-now@^2.1.0:
  version "2.1.0"
  resolved "https://registry.yarnpkg.com/performance-now/-/performance-now-2.1.0.tgz#6309f4e0e5fa913ec1c69307ae364b4b377c9e7b"
  integrity sha1-Ywn04OX6kT7BxpMHrjZLSzd8nns=

promise-polyfill@^6.0.2:
  version "6.1.0"
  resolved "https://registry.yarnpkg.com/promise-polyfill/-/promise-polyfill-6.1.0.tgz#dfa96943ea9c121fca4de9b5868cb39d3472e057"
  integrity sha1-36lpQ+qcEh/KTem1hoyznTRy4Fc=

raf@^3.4.1:
  version "3.4.1"
  resolved "https://registry.yarnpkg.com/raf/-/raf-3.4.1.tgz#0742e99a4a6552f445d73e3ee0328af0ff1ede39"
  integrity sha512-Sq4CW4QhwOHE8ucn6J34MqtZCeWFP2aQSmrlroYgqAV1PjStIhJXxYuTgUIfkEk7zTLjmIjLmU5q+fbD1NnOJA==
  dependencies:
    performance-now "^2.1.0"

regenerator-runtime@^0.13.4:
  version "0.13.7"
  resolved "https://registry.yarnpkg.com/regenerator-runtime/-/regenerator-runtime-0.13.7.tgz#cac2dacc8a1ea675feaabaeb8ae833898ae46f55"
  integrity sha512-a54FxoJDIr27pgf7IgeQGxmqUNYrcV338lf/6gH456HZ/PhX+5BcwHXG9ajESmwe6WRO0tAzRUrRmNONWgkrew==

rgbcolor@^1.0.1:
  version "1.0.1"
  resolved "https://registry.yarnpkg.com/rgbcolor/-/rgbcolor-1.0.1.tgz#d6505ecdb304a6595da26fa4b43307306775945d"
  integrity sha1-1lBezbMEplldom+ktDMHMGd1lF0=

select2@^4.0.8:
  version "4.0.8"
  resolved "https://registry.yarnpkg.com/select2/-/select2-4.0.8.tgz#3773bec1e5b96620ed98ca5ded53c0da47e7753f"
  integrity sha512-H/I2mq71oiEe51S74hdUv4QubH1EJNLEMnjfQucftLa8GiuT5+RKIHwlV/7I/YUqZg0wsYQM946eFG/ntRPF/Q==

stackblur-canvas@^2.0.0:
  version "2.5.0"
  resolved "https://registry.yarnpkg.com/stackblur-canvas/-/stackblur-canvas-2.5.0.tgz#aa87bbed1560fdcd3138fff344fc6a1c413ebac4"
  integrity sha512-EeNzTVfj+1In7aSLPKDD03F/ly4RxEuF/EX0YcOG0cKoPXs+SLZxDawQbexQDBzwROs4VKLWTOaZQlZkGBFEIQ==

startbootstrap-scrolling-nav@^4.2.1:
  version "4.2.1"
  resolved "https://registry.yarnpkg.com/startbootstrap-scrolling-nav/-/startbootstrap-scrolling-nav-4.2.1.tgz#83dcea60c87b20b7535350ae27ceb082f091a50c"
  integrity sha512-jhqlypc9KEHQcqsd87DB/3TD6NwdI9EvpI3aYjnkVznukBtXnLYZVMMoO339f3Sbkit5kIGn9tor0zAruYk+dg==
  dependencies:
    bootstrap "4.3.1"
    jquery "3.4.1"
    jquery.easing "^1.4.1"

svg-pathdata@^5.0.5:
  version "5.0.5"
  resolved "https://registry.yarnpkg.com/svg-pathdata/-/svg-pathdata-5.0.5.tgz#65e8d765642ba15fe15434444087d082bc526b29"
  integrity sha512-TAAvLNSE3fEhyl/Da19JWfMAdhSXTYeviXsLSoDT1UM76ADj5ndwAPX1FKQEgB/gFMPavOy6tOqfalXKUiXrow==

sweetalert@^2.1.2:
  version "2.1.2"
  resolved "https://registry.yarnpkg.com/sweetalert/-/sweetalert-2.1.2.tgz#010baaa80d0dbdc86f96bfcaa96b490728594b79"
  integrity sha512-iWx7X4anRBNDa/a+AdTmvAzQtkN1+s4j/JJRWlHpYE8Qimkohs8/XnFcWeYHH2lMA8LRCa5tj2d244If3S/hzA==
  dependencies:
    es6-object-assign "^1.1.0"
    promise-polyfill "^6.0.2"
