# THIS IS AN AUTOGENERATED FILE. DO NOT EDIT THIS FILE DIRECTLY.
# yarn lockfile v1


"@fortawesome/fontawesome-free@^5.10.2":
  version "5.10.2"
  resolved "https://registry.yarnpkg.com/@fortawesome/fontawesome-free/-/fontawesome-free-5.10.2.tgz#27e02da1e34b50c9869179d364fb46627b521130"
  integrity sha512-9pw+Nsnunl9unstGEHQ+u41wBEQue6XPBsILXtJF/4fNN1L3avJcMF/gGF86rIjeTAgfLjTY9ndm68/X4f4idQ==

animate.css@^3.7.2:
  version "3.7.2"
  resolved "https://registry.yarnpkg.com/animate.css/-/animate.css-3.7.2.tgz#e73e0d50e92cb1cfef1597d9b38a9481020e08ea"
  integrity sha512-0bE8zYo7C0KvgOYrSVfrzkbYk6IOTVPNqkiHg2cbyF4Pq/PXzilz4BRWA3hwEUBoMp5VBgrC29lQIZyhRWdBTw==

animsition@^4.0.2:
  version "4.0.2"
  resolved "https://registry.yarnpkg.com/animsition/-/animsition-4.0.2.tgz#d8c6e60b0a5635e3281b962402ca2a5b16b6714e"
  integrity sha1-2MbmCwpWNeMoG5YkAsoqWxa2cU4=

bootstrap@4.3.1, bootstrap@^4.3.1:
  version "4.3.1"
  resolved "https://registry.yarnpkg.com/bootstrap/-/bootstrap-4.3.1.tgz#280ca8f610504d99d7b6b4bfc4b68cec601704ac"
  integrity sha512-rXqOmH1VilAt2DyPzluTi2blhk17bO7ef+zLLPlWvG494pDxcM234pJ8wTc/6R40UWizAIIMgxjvxZg5kmsbag==

countdowntime@^0.0.3:
  version "0.0.3"
  resolved "https://registry.yarnpkg.com/countdowntime/-/countdowntime-0.0.3.tgz#5c4d5b4a1d655b6b8911bd12ca7c7db0e61861d2"
  integrity sha512-xuM7uMf68IyrU32/v9iFu4c6DfXY84CSe8nr1GnfhIHEhaQyGQ7pcwT6OkygbYaTiYajs3gqVA4xV+3sZHKgzg==

daterangepicker@^3.0.5:
  version "3.0.5"
  resolved "https://registry.yarnpkg.com/daterangepicker/-/daterangepicker-3.0.5.tgz#97180f233cf9c222cd0767b9c37c2926976d633a"
  integrity sha512-BoVV+OjVARWNE15iF+3Y2QIMioAD2UODHvJwIq+NtG0vxh61dXRmOMXlw2dsvxS8KY4n5uvIcBfIPiEiiGJcBg==
  dependencies:
    jquery ">=1.10"
    moment "^2.9.0"

font-awesome@^4.7.0:
  version "4.7.0"
  resolved "https://registry.yarnpkg.com/font-awesome/-/font-awesome-4.7.0.tgz#8fa8cf0411a1a31afd07b06d2902bb9fc815a133"
  integrity sha1-j6jPBBGhoxr9B7BtKQK7n8gVoTM=

fonts-raleway@^0.0.4:
  version "0.0.4"
  resolved "https://registry.yarnpkg.com/fonts-raleway/-/fonts-raleway-0.0.4.tgz#d832720768487f8cc6d78495095c6cdb032b1428"
  integrity sha1-2DJyB2hIf4zG14SVCVxs2wMrFCg=

hamburgers@^1.1.3:
  version "1.1.3"
  resolved "https://registry.yarnpkg.com/hamburgers/-/hamburgers-1.1.3.tgz#eb583ede269d3a774aa5f613442b17ea13952b84"
  integrity sha512-qpfnJwZq6ATAGJEriwuyfVNgT++GG+o+3bBfPYF7F3WY452cYKbaYGUuqwhp+3kHLI6CL4VIBfj8bfbp90Lp1A==

jquery.cookie@^1.4.1:
  version "1.4.1"
  resolved "https://registry.yarnpkg.com/jquery.cookie/-/jquery.cookie-1.4.1.tgz#d63dce209eab691fe63316db08ca9e47e0f9385b"
  integrity sha1-1j3OIJ6raR/mMxbbCMqeR+D5OFs=

jquery.easing@^1.4.1:
  version "1.4.1"
  resolved "https://registry.yarnpkg.com/jquery.easing/-/jquery.easing-1.4.1.tgz#47982c5836bd758fd48494923c4a101ef6e93e3b"
  integrity sha1-R5gsWDa9dY/UhJSSPEoQHvbpPjs=

jquery@3.4.1, jquery@>=1.10, jquery@^3.4.1:
  version "3.4.1"
  resolved "https://registry.yarnpkg.com/jquery/-/jquery-3.4.1.tgz#714f1f8d9dde4bdfa55764ba37ef214630d80ef2"
  integrity sha512-36+AdBzCL+y6qjw5Tx7HgzeGCzC81MDDgaUP8ld2zhx58HdqXGoBd+tHdrBMiyjGQs0Hxs/MLZTu/eHNJJuWPw==

moment@^2.9.0:
  version "2.24.0"
  resolved "https://registry.yarnpkg.com/moment/-/moment-2.24.0.tgz#0d055d53f5052aa653c9f6eb68bb5d12bf5c2b5b"
  integrity sha512-bV7f+6l2QigeBBZSM/6yTNq4P2fNpSWj/0e7jQcy87A8e7o2nAfP/34/2ky5Vw4B9S446EtIhodAzkFCcR4dQg==

perfect-scrollbar@^1.4.0:
  version "1.4.0"
  resolved "https://registry.yarnpkg.com/perfect-scrollbar/-/perfect-scrollbar-1.4.0.tgz#5d014ef9775e1f43058a1dbae9ed1daf0e7091f1"
  integrity sha512-/2Sk/khljhdrsamjJYS5NjrH+GKEHEwh7zFSiYyxROyYKagkE4kSn2zDQDRTOMo8mpT2jikxx6yI1dG7lNP/hw==

select2@^4.0.8:
  version "4.0.8"
  resolved "https://registry.yarnpkg.com/select2/-/select2-4.0.8.tgz#3773bec1e5b96620ed98ca5ded53c0da47e7753f"
  integrity sha512-H/I2mq71oiEe51S74hdUv4QubH1EJNLEMnjfQucftLa8GiuT5+RKIHwlV/7I/YUqZg0wsYQM946eFG/ntRPF/Q==

startbootstrap-scrolling-nav@^4.2.1:
  version "4.2.1"
  resolved "https://registry.yarnpkg.com/startbootstrap-scrolling-nav/-/startbootstrap-scrolling-nav-4.2.1.tgz#83dcea60c87b20b7535350ae27ceb082f091a50c"
  integrity sha512-jhqlypc9KEHQcqsd87DB/3TD6NwdI9EvpI3aYjnkVznukBtXnLYZVMMoO339f3Sbkit5kIGn9tor0zAruYk+dg==
  dependencies:
    bootstrap "4.3.1"
    jquery "3.4.1"
    jquery.easing "^1.4.1"
